{
  "lockfileVersion": 1,
  "configVersion": 1,
  "workspaces": {
    "": {
      "name": "synapse-cli",
      "dependencies": {
        "@clack/prompts": "^1.0.0",
        "@filoz/synapse-core": "^0.7.0",
        "@filoz/synapse-sdk": "^1.1.0",
        "conf": "^15.0.2",
        "incur": "^0.4.19",
        "terminal-link": "^5.0.0",
        "viem": "^2.47.1",
      },
      "devDependencies": {
        "@biomejs/biome": "^2.4.6",
        "@types/node": "^25.4.0",
        "typescript": "^5.9.3",
      },
    },
  },
  "packages": {
    "@adraffy/ens-normalize": ["@adraffy/ens-normalize@1.11.1", "", {}, "sha512-nhCBV3quEgesuf7c7KYfperqSS14T8bYuvJ8PcLJp6znkZpFc0AuW4qBtr8eKVyPPe/8RSr7sglCWPU5eaxwKQ=="],

    "@biomejs/biome": ["@biomejs/biome@2.4.6", "", { "optionalDependencies": { "@biomejs/cli-darwin-arm64": "2.4.6", "@biomejs/cli-darwin-x64": "2.4.6", "@biomejs/cli-linux-arm64": "2.4.6", "@biomejs/cli-linux-arm64-musl": "2.4.6", "@biomejs/cli-linux-x64": "2.4.6", "@biomejs/cli-linux-x64-musl": "2.4.6", "@biomejs/cli-win32-arm64": "2.4.6", "@biomejs/cli-win32-x64": "2.4.6" }, "bin": { "biome": "bin/biome" } }, "sha512-QnHe81PMslpy3mnpL8DnO2M4S4ZnYPkjlGCLWBZT/3R9M6b5daArWMMtEfP52/n174RKnwRIf3oT8+wc9ihSfQ=="],

    "@biomejs/cli-darwin-arm64": ["@biomejs/cli-darwin-arm64@2.4.6", "", { "os": "darwin", "cpu": "arm64" }, "sha512-NW18GSyxr+8sJIqgoGwVp5Zqm4SALH4b4gftIA0n62PTuBs6G2tHlwNAOj0Vq0KKSs7Sf88VjjmHh0O36EnzrQ=="],

    "@biomejs/cli-darwin-x64": ["@biomejs/cli-darwin-x64@2.4.6", "", { "os": "darwin", "cpu": "x64" }, "sha512-4uiE/9tuI7cnjtY9b07RgS7gGyYOAfIAGeVJWEfeCnAarOAS7qVmuRyX6d7JTKw28/mt+rUzMasYeZ+0R/U1Mw=="],

    "@biomejs/cli-linux-arm64": ["@biomejs/cli-linux-arm64@2.4.6", "", { "os": "linux", "cpu": "arm64" }, "sha512-kMLaI7OF5GN1Q8Doymjro1P8rVEoy7BKQALNz6fiR8IC1WKduoNyteBtJlHT7ASIL0Cx2jR6VUOBIbcB1B8pew=="],

    "@biomejs/cli-linux-arm64-musl": ["@biomejs/cli-linux-arm64-musl@2.4.6", "", { "os": "linux", "cpu": "arm64" }, "sha512-F/JdB7eN22txiTqHM5KhIVt0jVkzZwVYrdTR1O3Y4auBOQcXxHK4dxULf4z43QyZI5tsnQJrRBHZy7wwtL+B3A=="],

    "@biomejs/cli-linux-x64": ["@biomejs/cli-linux-x64@2.4.6", "", { "os": "linux", "cpu": "x64" }, "sha512-oHXmUFEoH8Lql1xfc3QkFLiC1hGR7qedv5eKNlC185or+o4/4HiaU7vYODAH3peRCfsuLr1g6v2fK9dFFOYdyw=="],

    "@biomejs/cli-linux-x64-musl": ["@biomejs/cli-linux-x64-musl@2.4.6", "", { "os": "linux", "cpu": "x64" }, "sha512-C9s98IPDu7DYarjlZNuzJKTjVHN03RUnmHV5htvqsx6vEUXCDSJ59DNwjKVD5XYoSS4N+BYhq3RTBAL8X6svEg=="],

    "@biomejs/cli-win32-arm64": ["@biomejs/cli-win32-arm64@2.4.6", "", { "os": "win32", "cpu": "arm64" }, "sha512-xzThn87Pf3YrOGTEODFGONmqXpTwUNxovQb72iaUOdcw8sBSY3+3WD8Hm9IhMYLnPi0n32s3L3NWU6+eSjfqFg=="],

    "@biomejs/cli-win32-x64": ["@biomejs/cli-win32-x64@2.4.6", "", { "os": "win32", "cpu": "x64" }, "sha512-7++XhnsPlr1HDbor5amovPjOH6vsrFOCdp93iKXhFn6bcMUI6soodj3WWKfgEO6JosKU1W5n3uky3WW9RlRjTg=="],

    "@cfworker/json-schema": ["@cfworker/json-schema@4.1.1", "", {}, "sha512-gAmrUZSGtKc3AiBL71iNWxDsyUC5uMaKKGdvzYsBoTW/xi42JQHl7eKV2OYzCUqvc+D2RCcf7EXY2iCyFIk6og=="],

    "@clack/core": ["@clack/core@1.1.0", "", { "dependencies": { "sisteransi": "^1.0.5" } }, "sha512-SVcm4Dqm2ukn64/8Gub2wnlA5nS2iWJyCkdNHcvNHPIeBTGojpdJ+9cZKwLfmqy7irD4N5qLteSilJlE0WLAtA=="],

    "@clack/prompts": ["@clack/prompts@1.1.0", "", { "dependencies": { "@clack/core": "1.1.0", "sisteransi": "^1.0.5" } }, "sha512-pkqbPGtohJAvm4Dphs2M8xE29ggupihHdy1x84HNojZuMtFsHiUlRvqD24tM2+XmI+61LlfNceM3Wr7U5QES5g=="],

    "@filoz/synapse-core": ["@filoz/synapse-core@0.7.0", "", { "dependencies": { "dnum": "^2.15.0", "iso-web": "^3.1.2", "multiformats": "^14.0.0", "ox": "^0.14.29", "p-locate": "^7.0.0", "p-queue": "^9.1.2", "p-some": "^7.0.0", "sync-multihash-sha2": "^1.0.0", "zod": "^4.3.5" }, "peerDependencies": { "viem": "2.x" } }, "sha512-54G+yH1DrqXpCrtSZF5SYvNma3W2iA/LH6hLWmADy5tW1CkPlvtHZ5essqrJtlk3lfNRYMWk3+13ejzXxDAWWw=="],

    "@filoz/synapse-sdk": ["@filoz/synapse-sdk@1.1.0", "", { "dependencies": { "@filoz/synapse-core": "^0.7.0", "multiformats": "^14.0.0" }, "peerDependencies": { "viem": "2.x" } }, "sha512-C5paiXZivxzEAujb7VA5HOA26QFaQ+om55yNpDTMLFR0zbGu7kjIWfQ0nXwziYczl1sm9UmNe7qa2SyIKw4hkQ=="],

    "@modelcontextprotocol/server": ["@modelcontextprotocol/server@2.0.0-alpha.4", "", { "dependencies": { "zod": "^4.2.0" } }, "sha512-/KEo3ZJ50HlagHp0lz2vPgfBZFtXHu6zTBXT9XqPc+4O9i4+IbBVWKq/a9yAfv/ifp0u3+mRo8SUk5kMKzhN8A=="],

    "@noble/ciphers": ["@noble/ciphers@1.3.0", "", {}, "sha512-2I0gnIVPtfnMw9ee9h1dJG7tp81+8Ob3OJb3Mv37rx5L40/b0i7djjCVvGOVqc9AEIQyvyu1i6ypKdFw8R8gQw=="],

    "@noble/curves": ["@noble/curves@1.9.1", "", { "dependencies": { "@noble/hashes": "1.8.0" } }, "sha512-k11yZxZg+t+gWvBbIswW0yoJlu8cHOC7dhunwOzoWH/mXGBiYyR4YY6hAEK/3EUs4UpB8la1RfdRpeGsFHkWsA=="],

    "@noble/hashes": ["@noble/hashes@1.8.0", "", {}, "sha512-jCs9ldd7NwzpgXDIf6P3+NrHh9/sD6CQdxHyjQI+h/6rDNo88ypBxxz45UDuZHz9r3tNz7N/VInSVoVdtXEI4A=="],

    "@scalar/openapi-types": ["@scalar/openapi-types@0.8.0", "", {}, "sha512-WmaxVSfvY5K/TwcG2B2TU1WOe1As1uc2s7myswtP6dBlcjU3hM08SApxv/jmyGaCE8t4gO5BBhmHY4pDUfmr2g=="],

    "@scure/base": ["@scure/base@1.2.6", "", {}, "sha512-g/nm5FgUa//MCj1gV09zTJTaM6KBAHqLN907YVQqf7zC49+DcO4B1so4ZX07Ef10Twr6nuqYEH9GEggFXA4Fmg=="],

    "@scure/bip32": ["@scure/bip32@1.7.0", "", { "dependencies": { "@noble/curves": "~1.9.0", "@noble/hashes": "~1.8.0", "@scure/base": "~1.2.5" } }, "sha512-E4FFX/N3f4B80AKWp5dP6ow+flD1LQZo/w8UnLGYZO674jS6YnYeepycOOksv+vLPSpgN35wgKgy+ybfTb2SMw=="],

    "@scure/bip39": ["@scure/bip39@1.6.0", "", { "dependencies": { "@noble/hashes": "~1.8.0", "@scure/base": "~1.2.5" } }, "sha512-+lF0BbLiJNwVlev4eKelw1WWLaiKXw7sSl8T6FvBlWkdX+94aGJ4o8XjUdlyhTCjd8c+B3KT3JfS8P0bLRNU6A=="],

    "@standard-schema/spec": ["@standard-schema/spec@1.1.0", "", {}, "sha512-l2aFy5jALhniG5HgqrD6jXLi/rUWrKvqN/qJx6yoJsgKhblVd+iqqU4RCXavm/jPityDo5TCvKMnpjKnOriy0w=="],

    "@toon-format/toon": ["@toon-format/toon@2.1.0", "", {}, "sha512-JwWptdF5eOA0HaQxbKAzkpQtR4wSWTEfDlEy/y3/4okmOAX1qwnpLZMmtEWr+ncAhTTY1raCKH0kteHhSXnQqg=="],

    "@types/node": ["@types/node@25.4.0", "", { "dependencies": { "undici-types": "~7.18.0" } }, "sha512-9wLpoeWuBlcbBpOY3XmzSTG3oscB6xjBEEtn+pYXTfhyXhIxC5FsBer2KTopBlvKEiW9l13po9fq+SJY/5lkhw=="],

    "abitype": ["abitype@1.2.3", "", { "peerDependencies": { "typescript": ">=5.0.4", "zod": "^3.22.0 || ^4.0.0" }, "optionalPeers": ["typescript", "zod"] }, "sha512-Ofer5QUnuUdTFsBRwARMoWKOH1ND5ehwYhJ3OJ/BQO+StkwQjHw0XyVh4vDttzHB7QOFhPHa/o413PJ82gU/Tg=="],

    "ajv": ["ajv@8.18.0", "", { "dependencies": { "fast-deep-equal": "^3.1.3", "fast-uri": "^3.0.1", "json-schema-traverse": "^1.0.0", "require-from-string": "^2.0.2" } }, "sha512-PlXPeEWMXMZ7sPYOHqmDyCJzcfNrUr3fGNKtezX14ykXOEIvyK81d+qydx89KY5O71FKMPaQ2vBfBFI5NHR63A=="],

    "ajv-formats": ["ajv-formats@3.0.1", "", { "dependencies": { "ajv": "^8.0.0" } }, "sha512-8iUql50EUR+uUcdRQ3HDqa6EVyo3docL8g5WJ3FNcWmu62IbkGUue/pEyLBW8VGKKucTPgqeks4fIU1DA4yowQ=="],

    "ansi-escapes": ["ansi-escapes@7.3.0", "", { "dependencies": { "environment": "^1.0.0" } }, "sha512-BvU8nYgGQBxcmMuEeUEmNTvrMVjJNSH7RgW24vXexN4Ven6qCvy4TntnvlnwnMLTVlcRQQdbRY8NKnaIoeWDNg=="],

    "atomically": ["atomically@2.1.1", "", { "dependencies": { "stubborn-fs": "^2.0.0", "when-exit": "^2.1.4" } }, "sha512-P4w9o2dqARji6P7MHprklbfiArZAWvo07yW7qs3pdljb3BWr12FIB7W+p0zJiuiVsUpRO0iZn1kFFcpPegg0tQ=="],

    "bigint-mod-arith": ["bigint-mod-arith@3.3.1", "", {}, "sha512-pX/cYW3dCa87Jrzv6DAr8ivbbJRzEX5yGhdt8IutnX/PCIXfpx+mabWNK/M8qqh+zQ0J3thftUBHW0ByuUlG0w=="],

    "conf": ["conf@15.1.0", "", { "dependencies": { "ajv": "^8.17.1", "ajv-formats": "^3.0.1", "atomically": "^2.0.3", "debounce-fn": "^6.0.0", "dot-prop": "^10.0.0", "env-paths": "^3.0.0", "json-schema-typed": "^8.0.1", "semver": "^7.7.2", "uint8array-extras": "^1.5.0" } }, "sha512-Uy5YN9KEu0WWDaZAVJ5FAmZoaJt9rdK6kH+utItPyGsCqCgaTKkrmZx3zoE0/3q6S3bcp3Ihkk+ZqPxWxFK5og=="],

    "debounce-fn": ["debounce-fn@6.0.0", "", { "dependencies": { "mimic-function": "^5.0.0" } }, "sha512-rBMW+F2TXryBwB54Q0d8drNEI+TfoS9JpNTAoVpukbWEhjXQq4rySFYLaqXMFXwdv61Zb2OHtj5bviSoimqxRQ=="],

    "delay": ["delay@7.0.0", "", { "dependencies": { "random-int": "^3.1.0", "unlimited-timeout": "^0.1.0" } }, "sha512-C3vaGs818qzZjCvVJ98GQUMVyWeg7dr5w2Nwwb2t5K8G98jOyyVO2ti2bKYk5yoYElqH3F2yA53ykuEnwD6MCg=="],

    "dnum": ["dnum@2.17.0", "", { "dependencies": { "from-exponential": "^1.1.1" } }, "sha512-Abo8RU2ZoABVO2R051XlJEgDIXAlA8/ZjOT2F1uAWvm6Vb8TphmN4k7qgu5nWKSv/JUGLVty6QPEeLTvaxNRYQ=="],

    "dot-prop": ["dot-prop@10.1.0", "", { "dependencies": { "type-fest": "^5.0.0" } }, "sha512-MVUtAugQMOff5RnBy2d9N31iG0lNwg1qAoAOn7pOK5wf94WIaE3My2p3uwTQuvS2AcqchkcR3bHByjaM0mmi7Q=="],

    "env-paths": ["env-paths@3.0.0", "", {}, "sha512-dtJUTepzMW3Lm/NPxRf3wP4642UWhjL2sQxc+ym2YMj1m/H2zDNQOlezafzkHwn6sMstjHTwG6iQQsctDW/b1A=="],

    "environment": ["environment@1.1.0", "", {}, "sha512-xUtoPkMggbz0MPyPiIWr1Kp4aeWJjDZ6SMvURhimjdZgsRuDplF5/s9hcgGhyXMhs+6vpnuoiZ2kFiu3FMnS8Q=="],

    "eventemitter3": ["eventemitter3@5.0.1", "", {}, "sha512-GWkBvjiSZK87ELrYOSESUYeVIc9mvLLf/nXalMOS5dYrgZq9o5OVkbZAVM06CVxYsCwH9BDZFPlQTlPA1j4ahA=="],

    "fast-deep-equal": ["fast-deep-equal@3.1.3", "", {}, "sha512-f3qQ9oQy9j2AhBe/H9VC91wLmKBCCU/gDOnKNAYG5hswO7BLKj09Hc5HYNz9cGI++xlpDCIgDaitVs03ATR84Q=="],

    "fast-uri": ["fast-uri@3.1.0", "", {}, "sha512-iPeeDKJSWf4IEOasVVrknXpaBV0IApz/gp7S2bb7Z4Lljbl2MGJRqInZiUrQwV16cpzw/D3S5j5Julj/gT52AA=="],

    "from-exponential": ["from-exponential@1.1.1", "", {}, "sha512-VBE7f5OVnYwdgB3LHa+Qo29h8qVpxhVO9Trlc+AWm+/XNAgks1tAwMFHb33mjeiof77GglsJzeYF7OqXrROP/A=="],

    "has-flag": ["has-flag@5.0.1", "", {}, "sha512-CsNUt5x9LUdx6hnk/E2SZLsDyvfqANZSUq4+D3D8RzDJ2M+HDTIkF60ibS1vHaK55vzgiZw1bEPFG9yH7l33wA=="],

    "idb-keyval": ["idb-keyval@6.2.2", "", {}, "sha512-yjD9nARJ/jb1g+CvD0tlhUHOrJ9Sy0P8T9MF3YaLlHnSRpwPfpTX0XIvpmw3gAJUmEu3FiICLBDPXVwyEvrleg=="],

    "incur": ["incur@0.4.19", "", { "dependencies": { "@cfworker/json-schema": "^4.1.1", "@modelcontextprotocol/server": "2.0.0-alpha.4", "@scalar/openapi-types": "^0.8.0", "@toon-format/toon": "^2.1.0", "tokenx": "^1.3.0", "yaml": "^2.8.2", "zod": "^4.3.6" }, "bin": { "incur": "dist/bin.js", "incur.src": "src/bin.ts" } }, "sha512-xSH6Y79oIeLwwiOp51MjXTyBzcNmP/gOQN+pCrjqG04UdAawZkKoqs6lpTto5c8ht1fGnGz8PADRJqdpf8mD2A=="],

    "is-network-error": ["is-network-error@1.3.1", "", {}, "sha512-6QCxa49rQbmUWLfk0nuGqzql9U8uaV2H6279bRErPBHe/109hCzsLUBUHfbEtvLIHBd6hyXbgedBSHevm43Edw=="],

    "iso-base": ["iso-base@4.4.0", "", { "dependencies": { "bigint-mod-arith": "^3.3.1" } }, "sha512-W4BJbRDBi66wcBFJ23ZlGnFOZ874CIut4y9PlsScMSYu7ckCX+MWNAaEoE0efTSYDoVEn1qy0FDVSjE8q0ieHw=="],

    "iso-kv": ["iso-kv@3.2.0", "", { "dependencies": { "conf": "^15.1.0", "idb-keyval": "^6.2.1", "iso-base": "^4.4.0", "kysely": "^0.29.2" } }, "sha512-rMVXO7zDEecXOJEiDnbDqjZ7gSe7VqDn2FTkUFWeqkcYMmgMdmB7pDgUaZxiEyiL1+gO7RnbqEI2Ce3xIW4UBQ=="],

    "iso-web": ["iso-web@3.1.2", "", { "dependencies": { "@standard-schema/spec": "^1.1.0", "delay": "^7.0.0", "is-network-error": "^1.3.1", "iso-kv": "^3.2.0", "p-retry": "^8.0.0" } }, "sha512-OpWz+KNH4vYNVvpc6T1z/zkZtT6iTQXYjc0sIbkPDwYEM5Qurg0LYESrEHloxb6xj5T/2rrnsTtaYlUSIzgicg=="],

    "isows": ["isows@1.0.7", "", { "peerDependencies": { "ws": "*" } }, "sha512-I1fSfDCZL5P0v33sVqeTDSpcstAg/N+wF5HS033mogOVIp4B+oHC7oOCsA3axAbBSGTJ8QubbNmnIRN/h8U7hg=="],

    "json-schema-traverse": ["json-schema-traverse@1.0.0", "", {}, "sha512-NM8/P9n3XjXhIZn1lLhkFaACTOURQXjWhV4BA/RnOv8xvgqtqpAX9IO4mRQxSx1Rlo4tqzeqb0sOlruaOy3dug=="],

    "json-schema-typed": ["json-schema-typed@8.0.2", "", {}, "sha512-fQhoXdcvc3V28x7C7BMs4P5+kNlgUURe2jmUT1T//oBRMDrqy1QPelJimwZGo7Hg9VPV3EQV5Bnq4hbFy2vetA=="],

    "kysely": ["kysely@0.29.2", "", {}, "sha512-s6WVJyEZrbm6jhBpiKHsGHyePMrVQKJ85wZCFCr9W4QHv6WTjWIrdvTmO9hDEA3bNK0xkrE2DqrHsXMLWuZpQg=="],

    "mimic-function": ["mimic-function@5.0.1", "", {}, "sha512-VP79XUPxV2CigYP3jWwAUFSku2aKqBH7uTAapFWCBqutsbmDo96KY5o8uh6U+/YSIn5OxJnXp73beVkpqMIGhA=="],

    "multiformats": ["multiformats@14.0.0", "", {}, "sha512-iWK1RrAS58p2NDfeZFuSUSv3ZPewTIhsGbh/5NgeGGJwJmRljLxGtjRR3nkn+loG3zl+IrfR/W1590QnrSK+Gg=="],

    "ox": ["ox@0.14.29", "", { "dependencies": { "@adraffy/ens-normalize": "^1.11.0", "@noble/ciphers": "^1.3.0", "@noble/curves": "1.9.1", "@noble/hashes": "^1.8.0", "@scure/bip32": "^1.7.0", "@scure/bip39": "^1.6.0", "abitype": "^1.2.3", "eventemitter3": "5.0.1" }, "peerDependencies": { "typescript": ">=5.4.0" }, "optionalPeers": ["typescript"] }, "sha512-M5j87Ec4V99MQdRct/g09eWXW60g6zhHTUs1lr4deUtrPDnezBdCJTgKd7pxqTpSZBFveV0ALi9jMMuT1qKyNg=="],

    "p-limit": ["p-limit@7.3.0", "", { "dependencies": { "yocto-queue": "^1.2.1" } }, "sha512-7cIXg/Z0M5WZRblrsOla88S4wAK+zOQQWeBYfV3qJuJXMr+LnbYjaadrFaS0JILfEDPVqHyKnZ1Z/1d6J9VVUw=="],

    "p-locate": ["p-locate@7.0.0", "", { "dependencies": { "p-limit": "^7.2.0" } }, "sha512-FRPW2lT1b/B8/CNkCOZ/Xl4mz52CWzwb+/dLa0GcCrH7u7djFf36VftuRJ5w/eCr1YXtbTGPuGoEDVSk14EwNQ=="],

    "p-queue": ["p-queue@9.2.0", "", { "dependencies": { "eventemitter3": "^5.0.4", "p-timeout": "^7.0.0" } }, "sha512-dWgLE8AH0HjQ9fe74pUkKkvzzYT18Inp4zra3lKHnnwqGvcfcUBrvF2EAVX+envufDNBOzpPq/IBUONDbI7+3g=="],

    "p-retry": ["p-retry@8.0.0", "", { "dependencies": { "is-network-error": "^1.3.0" } }, "sha512-kFVqH1HxOHp8LupNsOys7bSV09VYTRLxarH/mokO4Rqhk6wGi70E0jh4VzvVGXfEVNggHoHLAMWsQqHyU1Ey9A=="],

    "p-some": ["p-some@7.0.0", "", {}, "sha512-9ldWF6puBzuchsUq7M1THjwwmoiXesqRdpB4WH0D7urKXdGkIaDqVhQS2BSfRRYZ970j9gm3U4/h9hHQx2G1Ug=="],

    "p-timeout": ["p-timeout@7.0.1", "", {}, "sha512-AxTM2wDGORHGEkPCt8yqxOTMgpfbEHqF51f/5fJCmwFC3C/zNcGT63SymH2ttOAaiIws2zVg4+izQCjrakcwHg=="],

    "random-int": ["random-int@3.1.0", "", {}, "sha512-h8CRz8cpvzj0hC/iH/1Gapgcl2TQ6xtnCpyOI5WvWfXf/yrDx2DOU+tD9rX23j36IF11xg1KqB9W11Z18JPMdw=="],

    "require-from-string": ["require-from-string@2.0.2", "", {}, "sha512-Xf0nWe6RseziFMu+Ap9biiUbmplq6S9/p+7w7YXP/JBHhrUDDUhwa+vANyubuqfZWTveU//DYVGsDG7RKL/vEw=="],

    "semver": ["semver@7.7.4", "", { "bin": { "semver": "bin/semver.js" } }, "sha512-vFKC2IEtQnVhpT78h1Yp8wzwrf8CM+MzKMHGJZfBtzhZNycRFnXsHk6E5TxIkkMsgNS7mdX3AGB7x2QM2di4lA=="],

    "sisteransi": ["sisteransi@1.0.5", "", {}, "sha512-bLGGlR1QxBcynn2d5YmDX4MGjlZvy2MRBDRNHLJ8VI6l6+9FUiyTFNJ0IveOSP0bcXgVDPRcfGqA0pjaqUpfVg=="],

    "stubborn-fs": ["stubborn-fs@2.0.0", "", { "dependencies": { "stubborn-utils": "^1.0.1" } }, "sha512-Y0AvSwDw8y+nlSNFXMm2g6L51rBGdAQT20J3YSOqxC53Lo3bjWRtr2BKcfYoAf352WYpsZSTURrA0tqhfgudPA=="],

    "stubborn-utils": ["stubborn-utils@1.0.2", "", {}, "sha512-zOh9jPYI+xrNOyisSelgym4tolKTJCQd5GBhK0+0xJvcYDcwlOoxF/rnFKQ2KRZknXSG9jWAp66fwP6AxN9STg=="],

    "supports-color": ["supports-color@10.2.2", "", {}, "sha512-SS+jx45GF1QjgEXQx4NJZV9ImqmO2NPz5FNsIHrsDjh2YsHnawpan7SNQ1o8NuhrbHZy9AZhIoCUiCeaW/C80g=="],

    "supports-hyperlinks": ["supports-hyperlinks@4.4.0", "", { "dependencies": { "has-flag": "^5.0.1", "supports-color": "^10.2.2" } }, "sha512-UKbpT93hN5Nr9go5UY7bopIB9YQlMz9nm/ct4IXt/irb5YRkn9WaqrOBJGZ5Pwvsd5FQzSVeYlGdXoCAPQZrPg=="],

    "sync-multihash-sha2": ["sync-multihash-sha2@1.0.0", "", { "dependencies": { "@noble/hashes": "^1.3.1" } }, "sha512-A5gVpmtKF0ov+/XID0M0QRJqF2QxAsj3x/LlDC8yivzgoYCoWkV+XaZPfVu7Vj1T/hYzYS1tfjwboSbXjqocug=="],

    "tagged-tag": ["tagged-tag@1.0.0", "", {}, "sha512-yEFYrVhod+hdNyx7g5Bnkkb0G6si8HJurOoOEgC8B/O0uXLHlaey/65KRv6cuWBNhBgHKAROVpc7QyYqE5gFng=="],

    "terminal-link": ["terminal-link@5.0.0", "", { "dependencies": { "ansi-escapes": "^7.0.0", "supports-hyperlinks": "^4.1.0" } }, "sha512-qFAy10MTMwjzjU8U16YS4YoZD+NQLHzLssFMNqgravjbvIPNiqkGFR4yjhJfmY9R5OFU7+yHxc6y+uGHkKwLRA=="],

    "tokenx": ["tokenx@1.3.0", "", {}, "sha512-NLdXTEZkKiO0gZuLtMoZKjCXTREXeZZt8nnnNeyoXtNZAfG/GKGSbQtLU5STspc0rMSwcA+UJfWZkbNU01iKmQ=="],

    "type-fest": ["type-fest@5.4.4", "", { "dependencies": { "tagged-tag": "^1.0.0" } }, "sha512-JnTrzGu+zPV3aXIUhnyWJj4z/wigMsdYajGLIYakqyOW1nPllzXEJee0QQbHj+CTIQtXGlAjuK0UY+2xTyjVAw=="],

    "typescript": ["typescript@5.9.3", "", { "bin": { "tsc": "bin/tsc", "tsserver": "bin/tsserver" } }, "sha512-jl1vZzPDinLr9eUt3J/t7V6FgNEw9QjvBPdysz9KfQDD41fQrC2Y4vKQdiaUpFT4bXlb1RHhLpp8wtm6M5TgSw=="],

    "uint8array-extras": ["uint8array-extras@1.5.0", "", {}, "sha512-rvKSBiC5zqCCiDZ9kAOszZcDvdAHwwIKJG33Ykj43OKcWsnmcBRL09YTU4nOeHZ8Y2a7l1MgTd08SBe9A8Qj6A=="],

    "undici-types": ["undici-types@7.18.2", "", {}, "sha512-AsuCzffGHJybSaRrmr5eHr81mwJU3kjw6M+uprWvCXiNeN9SOGwQ3Jn8jb8m3Z6izVgknn1R0FTCEAP2QrLY/w=="],

    "unlimited-timeout": ["unlimited-timeout@0.1.0", "", {}, "sha512-D4g+mxFeQGQHzCfnvij+R35ukJ0658Zzudw7j16p4tBBbNasKkKM4SocYxqhwT5xA7a9JYWDzKkEFyMlRi5sng=="],

    "viem": ["viem@2.47.1", "", { "dependencies": { "@noble/curves": "1.9.1", "@noble/hashes": "1.8.0", "@scure/bip32": "1.7.0", "@scure/bip39": "1.6.0", "abitype": "1.2.3", "isows": "1.0.7", "ox": "0.14.0", "ws": "8.18.3" }, "peerDependencies": { "typescript": ">=5.0.4" }, "optionalPeers": ["typescript"] }, "sha512-frlK109+X5z2vlZeIGKa6Rxev6CcIpumV/VVhaIPc/QFotiB6t/CgUwkMlYfr4F2YNBZZ2l6jguWz2sY1XrQHw=="],

    "when-exit": ["when-exit@2.1.5", "", {}, "sha512-VGkKJ564kzt6Ms1dbgPP/yuIoQCrsFAnRbptpC5wOEsDaNsbCB2bnfnaA8i/vRs5tjUSEOtIuvl9/MyVsvQZCg=="],

    "ws": ["ws@8.18.3", "", { "peerDependencies": { "bufferutil": "^4.0.1", "utf-8-validate": ">=5.0.2" }, "optionalPeers": ["bufferutil", "utf-8-validate"] }, "sha512-PEIGCY5tSlUt50cqyMXfCzX+oOPqN0vuGqWzbcJ2xvnkzkq46oOpz7dQaTDBdfICb4N14+GARUDw2XV2N4tvzg=="],

    "yaml": ["yaml@2.8.2", "", { "bin": { "yaml": "bin.mjs" } }, "sha512-mplynKqc1C2hTVYxd0PU2xQAc22TI1vShAYGksCCfxbn/dFwnHTNi1bvYsBTkhdUNtGIf5xNOg938rrSSYvS9A=="],

    "yocto-queue": ["yocto-queue@1.2.2", "", {}, "sha512-4LCcse/U2MHZ63HAJVE+v71o7yOdIe4cZ70Wpf8D/IyjDKYQLV5GD46B+hSTjJsvV5PztjvHoU580EftxjDZFQ=="],

    "zod": ["zod@4.3.6", "", {}, "sha512-rftlrkhHZOcjDwkGlnUtZZkvaPHCsDATp4pGpuOOMDaTdDDXF91wuVDJoWoPsKX/3YPQ5fHuF3STjcYyKr+Qhg=="],

    "p-queue/eventemitter3": ["eventemitter3@5.0.4", "", {}, "sha512-mlsTRyGaPBjPedk6Bvw+aqbsXDtoAyAzm5MO7JgU+yVRyMQ5O8bD4Kcci7BS85f93veegeCPkL8R4GLClnjLFw=="],

    "viem/ox": ["ox@0.14.0", "", { "dependencies": { "@adraffy/ens-normalize": "^1.11.0", "@noble/ciphers": "^1.3.0", "@noble/curves": "1.9.1", "@noble/hashes": "^1.8.0", "@scure/bip32": "^1.7.0", "@scure/bip39": "^1.6.0", "abitype": "^1.2.3", "eventemitter3": "5.0.1" }, "peerDependencies": { "typescript": ">=5.4.0" }, "optionalPeers": ["typescript"] }, "sha512-WLOB7IKnmI3Ol6RAqY7CJdZKl8QaI44LN91OGF1061YIeN6bL5IsFcdp7+oQShRyamE/8fW/CBRWhJAOzI35Dw=="],
  }
}
